
Microsoft Visual Studio Solution File, Format Version 12.00
# Visual Studio 15
VisualStudioVersion = 15.0.26730.16
MinimumVisualStudioVersion = 10.0.40219.1
Project("{FAE04EC0-301F-11D3-BF4B-00C04F79EFBC}") = "Hotel", "Hotel\Hotel.csproj", "{AE370E0B-28AE-4E4A-A2B6-9A65B0CE04B9}"
EndProject
Global
	GlobalSection(SolutionConfigurationPlatforms) = preSolution
		Debug|Any CPU = Debug|Any CPU
		Release|Any CPU = Release|Any CPU
	EndGlobalSection
	GlobalSection(ProjectConfigurationPlatforms) = postSolution
		{AE370E0B-28AE-4E4A-A2B6-9A65B0CE04B9}.Debug|Any CPU.ActiveCfg = Debug|Any CPU
		{AE370E0B-28AE-4E4A-A2B6-9A65B0CE04B9}.Debug|Any CPU.Build.0 = Debug|Any CPU
		{AE370E0B-28AE-4E4A-A2B6-9A65B0CE04B9}.Release|Any CPU.ActiveCfg = Release|Any CPU
		{AE370E0B-28AE-4E4A-A2B6-9A65B0CE04B9}.Release|Any CPU.Build.0 = Release|Any CPU
	EndGlobalSection
	GlobalSection(SolutionProperties) = preSolution
		HideSolutionNode = FALSE
	EndGlobalSection
	GlobalSection(ExtensibilityGlobals) = postSolution
		SolutionGuid = {C7B2B33E-660F-45DB-99EF-04C311C04792}
	EndGlobalSection
EndGlobal
